
Microsoft Visual Studio Solution File, Format Version 12.00
# Visual Studio Version 17
VisualStudioVersion = 17.7.34221.43
MinimumVisualStudioVersion = 10.0.40219.1
Project("{FAE04EC0-301F-11D3-BF4B-00C04F79EFBC}") = "ControleDeContatos", "ControleDeContatos\ControleDeContatos.csproj", "{FC2D3214-F2E7-4CAF-BC41-4D9E848ED92A}"
EndProject
Global
	GlobalSection(SolutionConfigurationPlatforms) = preSolution
		Debug|Any CPU = Debug|Any CPU
		Release|Any CPU = Release|Any CPU
	EndGlobalSection
	GlobalSection(ProjectConfigurationPlatforms) = postSolution
		{FC2D3214-F2E7-4CAF-BC41-4D9E848ED92A}.Debug|Any CPU.ActiveCfg = Debug|Any CPU
		{FC2D3214-F2E7-4CAF-BC41-4D9E848ED92A}.Debug|Any CPU.Build.0 = Debug|Any CPU
		{FC2D3214-F2E7-4CAF-BC41-4D9E848ED92A}.Release|Any CPU.ActiveCfg = Release|Any CPU
		{FC2D3214-F2E7-4CAF-BC41-4D9E848ED92A}.Release|Any CPU.Build.0 = Release|Any CPU
	EndGlobalSection
	GlobalSection(SolutionProperties) = preSolution
		HideSolutionNode = FALSE
	EndGlobalSection
	GlobalSection(ExtensibilityGlobals) = postSolution
		SolutionGuid = {EECFDF3B-3A4B-439D-BAF2-18DD056E72F2}
	EndGlobalSection
EndGlobal
